
Microsoft Visual Studio Solution File, Format Version 12.00
# Visual Studio Version 17
VisualStudioVersion = 17.10.35013.160
MinimumVisualStudioVersion = 10.0.40219.1
Project("{FAE04EC0-301F-11D3-BF4B-00C04F79EFBC}") = "JwtAuthDemo", "JwtAuthDemo\JwtAuthDemo.csproj", "{DF14E175-A3FF-4E84-9EAF-CC7868B081BB}"
EndProject
Global
	GlobalSection(SolutionConfigurationPlatforms) = preSolution
		Debug|Any CPU = Debug|Any CPU
		Release|Any CPU = Release|Any CPU
	EndGlobalSection
	GlobalSection(ProjectConfigurationPlatforms) = postSolution
		{DF14E175-A3FF-4E84-9EAF-CC7868B081BB}.Debug|Any CPU.ActiveCfg = Debug|Any CPU
		{DF14E175-A3FF-4E84-9EAF-CC7868B081BB}.Debug|Any CPU.Build.0 = Debug|Any CPU
		{DF14E175-A3FF-4E84-9EAF-CC7868B081BB}.Release|Any CPU.ActiveCfg = Release|Any CPU
		{DF14E175-A3FF-4E84-9EAF-CC7868B081BB}.Release|Any CPU.Build.0 = Release|Any CPU
	EndGlobalSection
	GlobalSection(SolutionProperties) = preSolution
		HideSolutionNode = FALSE
	EndGlobalSection
	GlobalSection(ExtensibilityGlobals) = postSolution
		SolutionGuid = {EBD94D80-83EF-4486-AEFE-DB21F5E4F850}
	EndGlobalSection
EndGlobal
